// !$*UTF8*$!
{
	archiveVersion = 1;
	classes = {
	};
	objectVersion = 56;
	objects = {

/* Begin PBXBuildFile section */
		2971CC7B299675CA007772D1 /* AppDelegate.swift in Sources */ = {isa = PBXBuildFile; fileRef = 2971CC7A299675CA007772D1 /* AppDelegate.swift */; };
		2971CC7D299675CA007772D1 /* SceneDelegate.swift in Sources */ = {isa = PBXBuildFile; fileRef = 2971CC7C299675CA007772D1 /* SceneDelegate.swift */; };
		2971CC7F299675CA007772D1 /* ViewController.swift in Sources */ = {isa = PBXBuildFile; fileRef = 2971CC7E299675CA007772D1 /* ViewController.swift */; };
		2971CC82299675CA007772D1 /* Main.storyboard in Resources */ = {isa = PBXBuildFile; fileRef = 2971CC80299675CA007772D1 /* Main.storyboard */; };
		2971CC85299675CA007772D1 /* SpaceXApp.xcdatamodeld in Sources */ = {isa = PBXBuildFile; fileRef = 2971CC83299675CA007772D1 /* SpaceXApp.xcdatamodeld */; };
		2971CC87299675CB007772D1 /* Assets.xcassets in Resources */ = {isa = PBXBuildFile; fileRef = 2971CC86299675CB007772D1 /* Assets.xcassets */; };
		2971CC8A299675CB007772D1 /* LaunchScreen.storyboard in Resources */ = {isa = PBXBuildFile; fileRef = 2971CC88299675CB007772D1 /* LaunchScreen.storyboard */; };
		2971CC95299675CB007772D1 /* SpaceXAppTests.swift in Sources */ = {isa = PBXBuildFile; fileRef = 2971CC94299675CB007772D1 /* SpaceXAppTests.swift */; };
		2971CC9F299675CC007772D1 /* SpaceXAppUITests.swift in Sources */ = {isa = PBXBuildFile; fileRef = 2971CC9E299675CC007772D1 /* SpaceXAppUITests.swift */; };
		2971CCA1299675CC007772D1 /* SpaceXAppUITestsLaunchTests.swift in Sources */ = {isa = PBXBuildFile; fileRef = 2971CCA0299675CC007772D1 /* SpaceXAppUITestsLaunchTests.swift */; };
/* End PBXBuildFile section */

/* Begin PBXContainerItemProxy section */
		2971CC91299675CB007772D1 /* PBXContainerItemProxy */ = {
			isa = PBXContainerItemProxy;
			containerPortal = 2971CC6F299675CA007772D1 /* Project object */;
			proxyType = 1;
			remoteGlobalIDString = 2971CC76299675CA007772D1;
			remoteInfo = SpaceXApp;
		};
		2971CC9B299675CC007772D1 /* PBXContainerItemProxy */ = {
			isa = PBXContainerItemProxy;
			containerPortal = 2971CC6F299675CA007772D1 /* Project object */;
			proxyType = 1;
			remoteGlobalIDString = 2971CC76299675CA007772D1;
			remoteInfo = SpaceXApp;
		};
/* End PBXContainerItemProxy section */

/* Begin PBXFileReference section */
		2971CC77299675CA007772D1 /* SpaceXApp.app */ = {isa = PBXFileReference; explicitFileType = wrapper.application; includeInIndex = 0; path = SpaceXApp.app; sourceTree = BUILT_PRODUCTS_DIR; };
		2971CC7A299675CA007772D1 /* AppDelegate.swift */ = {isa = PBXFileReference; lastKnownFileType = sourcecode.swift; path = AppDelegate.swift; sourceTree = "<group>"; };
		2971CC7C299675CA007772D1 /* SceneDelegate.swift */ = {isa = PBXFileReference; lastKnownFileType = sourcecode.swift; path = SceneDelegate.swift; sourceTree = "<group>"; };
		2971CC7E299675CA007772D1 /* ViewController.swift */ = {isa = PBXFileReference; lastKnownFileType = sourcecode.swift; path = ViewController.swift; sourceTree = "<group>"; };
		2971CC81299675CA007772D1 /* Base */ = {isa = PBXFileReference; lastKnownFileType = file.storyboard; name = Base; path = Base.lproj/Main.storyboard; sourceTree = "<group>"; };
		2971CC84299675CA007772D1 /* SpaceXApp.xcdatamodel */ = {isa = PBXFileReference; lastKnownFileType = wrapper.xcdatamodel; path = SpaceXApp.xcdatamodel; sourceTree = "<group>"; };
		2971CC86299675CB007772D1 /* Assets.xcassets */ = {isa = PBXFileReference; lastKnownFileType = folder.assetcatalog; path = Assets.xcassets; sourceTree = "<group>"; };
		2971CC89299675CB007772D1 /* Base */ = {isa = PBXFileReference; lastKnownFileType = file.storyboard; name = Base; path = Base.lproj/LaunchScreen.storyboard; sourceTree = "<group>"; };
		2971CC8B299675CB007772D1 /* Info.plist */ = {isa = PBXFileReference; lastKnownFileType = text.plist.xml; path = Info.plist; sourceTree = "<group>"; };
		2971CC90299675CB007772D1 /* SpaceXAppTests.xctest */ = {isa = PBXFileReference; explicitFileType = wrapper.cfbundle; includeInIndex = 0; path = SpaceXAppTests.xctest; sourceTree = BUILT_PRODUCTS_DIR; };
		2971CC94299675CB007772D1 /* SpaceXAppTests.swift */ = {isa = PBXFileReference; lastKnownFileType = sourcecode.swift; path = SpaceXAppTests.swift; sourceTree = "<group>"; };
		2971CC9A299675CC007772D1 /* SpaceXAppUITests.xctest */ = {isa = PBXFileReference; explicitFileType = wrapper.cfbundle; includeInIndex = 0; path = SpaceXAppUITests.xctest; sourceTree = BUILT_PRODUCTS_DIR; };
		2971CC9E299675CC007772D1 /* SpaceXAppUITests.swift */ = {isa = PBXFileReference; lastKnownFileType = sourcecode.swift; path = SpaceXAppUITests.swift; sourceTree = "<group>"; };
		2971CCA0299675CC007772D1 /* SpaceXAppUITestsLaunchTests.swift */ = {isa = PBXFileReference; lastKnownFileType = sourcecode.swift; path = SpaceXAppUITestsLaunchTests.swift; sourceTree = "<group>"; };
/* End PBXFileReference section */

/* Begin PBXFrameworksBuildPhase section */
		2971CC74299675CA007772D1 /* Frameworks */ = {
			isa = PBXFrameworksBuildPhase;
			buildActionMask = 2147483647;
			files = (
			);
			runOnlyForDeploymentPostprocessing = 0;
		};
		2971CC8D299675CB007772D1 /* Frameworks */ = {
			isa = PBXFrameworksBuildPhase;
			buildActionMask = 2147483647;
			files = (
			);
			runOnlyForDeploymentPostprocessing = 0;
		};
		2971CC97299675CC007772D1 /* Frameworks */ = {
			isa = PBXFrameworksBuildPhase;
			buildActionMask = 2147483647;
			files = (
			);
			runOnlyForDeploymentPostprocessing = 0;
		};
/* End PBXFrameworksBuildPhase section */

/* Begin PBXGroup section */
		2971CC6E299675CA007772D1 = {
			isa = PBXGroup;
			children = (
				2971CC79299675CA007772D1 /* SpaceXApp */,
				2971CC93299675CB007772D1 /* SpaceXAppTests */,
				2971CC9D299675CC007772D1 /* SpaceXAppUITests */,
				2971CC78299675CA007772D1 /* Products */,
			);
			sourceTree = "<group>";
		};
		2971CC78299675CA007772D1 /* Products */ = {
			isa = PBXGroup;
			children = (
				2971CC77299675CA007772D1 /* SpaceXApp.app */,
				2971CC90299675CB007772D1 /* SpaceXAppTests.xctest */,
				2971CC9A299675CC007772D1 /* SpaceXAppUITests.xctest */,
			);
			name = Products;
			sourceTree = "<group>";
		};
		2971CC79299675CA007772D1 /* SpaceXApp */ = {
			isa = PBXGroup;
			children = (
				2971CC7A299675CA007772D1 /* AppDelegate.swift */,
				2971CC7C299675CA007772D1 /* SceneDelegate.swift */,
				2971CC7E299675CA007772D1 /* ViewController.swift */,
				2971CC80299675CA007772D1 /* Main.storyboard */,
				2971CC86299675CB007772D1 /* Assets.xcassets */,
				2971CC88299675CB007772D1 /* LaunchScreen.storyboard */,
				2971CC8B299675CB007772D1 /* Info.plist */,
				2971CC83299675CA007772D1 /* SpaceXApp.xcdatamodeld */,
			);
			path = SpaceXApp;
			sourceTree = "<group>";
		};
		2971CC93299675CB007772D1 /* SpaceXAppTests */ = {
			isa = PBXGroup;
			children = (
				2971CC94299675CB007772D1 /* SpaceXAppTests.swift */,
			);
			path = SpaceXAppTests;
			sourceTree = "<group>";
		};
		2971CC9D299675CC007772D1 /* SpaceXAppUITests */ = {
			isa = PBXGroup;
			children = (
				2971CC9E299675CC007772D1 /* SpaceXAppUITests.swift */,
				2971CCA0299675CC007772D1 /* SpaceXAppUITestsLaunchTests.swift */,
			);
			path = SpaceXAppUITests;
			sourceTree = "<group>";
		};
/* End PBXGroup section */

/* Begin PBXNativeTarget section */
		2971CC76299675CA007772D1 /* SpaceXApp */ = {
			isa = PBXNativeTarget;
			buildConfigurationList = 2971CCA4299675CC007772D1 /* Build configuration list for PBXNativeTarget "SpaceXApp" */;
			buildPhases = (
				2971CC73299675CA007772D1 /* Sources */,
				2971CC74299675CA007772D1 /* Frameworks */,
				2971CC75299675CA007772D1 /* Resources */,
			);
			buildRules = (
			);
			dependencies = (
			);
			name = SpaceXApp;
			productName = SpaceXApp;
			productReference = 2971CC77299675CA007772D1 /* SpaceXApp.app */;
			productType = "com.apple.product-type.application";
		};
		2971CC8F299675CB007772D1 /* SpaceXAppTests */ = {
			isa = PBXNativeTarget;
			buildConfigurationList = 2971CCA7299675CC007772D1 /* Build configuration list for PBXNativeTarget "SpaceXAppTests" */;
			buildPhases = (
				2971CC8C299675CB007772D1 /* Sources */,
				2971CC8D299675CB007772D1 /* Frameworks */,
				2971CC8E299675CB007772D1 /* Resources */,
			);
			buildRules = (
			);
			dependencies = (
				2971CC92299675CB007772D1 /* PBXTargetDependency */,
			);
			name = SpaceXAppTests;
			productName = SpaceXAppTests;
			productReference = 2971CC90299675CB007772D1 /* SpaceXAppTests.xctest */;
			productType = "com.apple.product-type.bundle.unit-test";
		};
		2971CC99299675CC007772D1 /* SpaceXAppUITests */ = {
			isa = PBXNativeTarget;
			buildConfigurationList = 2971CCAA299675CC007772D1 /* Build configuration list for PBXNativeTarget "SpaceXAppUITests" */;
			buildPhases = (
				2971CC96299675CC007772D1 /* Sources */,
				2971CC97299675CC007772D1 /* Frameworks */,
				2971CC98299675CC007772D1 /* Resources */,
			);
			buildRules = (
			);
			dependencies = (
				2971CC9C299675CC007772D1 /* PBXTargetDependency */,
			);
			name = SpaceXAppUITests;
			productName = SpaceXAppUITests;
			productReference = 2971CC9A299675CC007772D1 /* SpaceXAppUITests.xctest */;
			productType = "com.apple.product-type.bundle.ui-testing";
		};
/* End PBXNativeTarget section */

/* Begin PBXProject section */
		2971CC6F299675CA007772D1 /* Project object */ = {
			isa = PBXProject;
			attributes = {
				BuildIndependentTargetsInParallel = 1;
				LastSwiftUpdateCheck = 1400;
				LastUpgradeCheck = 1400;
				TargetAttributes = {
					2971CC76299675CA007772D1 = {
						CreatedOnToolsVersion = 14.0.1;
					};
					2971CC8F299675CB007772D1 = {
						CreatedOnToolsVersion = 14.0.1;
						TestTargetID = 2971CC76299675CA007772D1;
					};
					2971CC99299675CC007772D1 = {
						CreatedOnToolsVersion = 14.0.1;
						TestTargetID = 2971CC76299675CA007772D1;
					};
				};
			};
			buildConfigurationList = 2971CC72299675CA007772D1 /* Build configuration list for PBXProject "SpaceXApp" */;
			compatibilityVersion = "Xcode 14.0";
			developmentRegion = en;
			hasScannedForEncodings = 0;
			knownRegions = (
				en,
				Base,
			);
			mainGroup = 2971CC6E299675CA007772D1;
			productRefGroup = 2971CC78299675CA007772D1 /* Products */;
			projectDirPath = "";
			projectRoot = "";
			targets = (
				2971CC76299675CA007772D1 /* SpaceXApp */,
				2971CC8F299675CB007772D1 /* SpaceXAppTests */,
				2971CC99299675CC007772D1 /* SpaceXAppUITests */,
			);
		};
/* End PBXProject section */

/* Begin PBXResourcesBuildPhase section */
		2971CC75299675CA007772D1 /* Resources */ = {
			isa = PBXResourcesBuildPhase;
			buildActionMask = 2147483647;
			files = (
				2971CC8A299675CB007772D1 /* LaunchScreen.storyboard in Resources */,
				2971CC87299675CB007772D1 /* Assets.xcassets in Resources */,
				2971CC82299675CA007772D1 /* Main.storyboard in Resources */,
			);
			runOnlyForDeploymentPostprocessing = 0;
		};
		2971CC8E299675CB007772D1 /* Resources */ = {
			isa = PBXResourcesBuildPhase;
			buildActionMask = 2147483647;
			files = (
			);
			runOnlyForDeploymentPostprocessing = 0;
		};
		2971CC98299675CC007772D1 /* Resources */ = {
			isa = PBXResourcesBuildPhase;
			buildActionMask = 2147483647;
			files = (
			);
			runOnlyForDeploymentPostprocessing = 0;
		};
/* End PBXResourcesBuildPhase section */

/* Begin PBXSourcesBuildPhase section */
		2971CC73299675CA007772D1 /* Sources */ = {
			isa = PBXSourcesBuildPhase;
			buildActionMask = 2147483647;
			files = (
				2971CC7F299675CA007772D1 /* ViewController.swift in Sources */,
				2971CC7B299675CA007772D1 /* AppDelegate.swift in Sources */,
				2971CC7D299675CA007772D1 /* SceneDelegate.swift in Sources */,
				2971CC85299675CA007772D1 /* SpaceXApp.xcdatamodeld in Sources */,
			);
			runOnlyForDeploymentPostprocessing = 0;
		};
		2971CC8C299675CB007772D1 /* Sources */ = {
			isa = PBXSourcesBuildPhase;
			buildActionMask = 2147483647;
			files = (
				2971CC95299675CB007772D1 /* SpaceXAppTests.swift in Sources */,
			);
			runOnlyForDeploymentPostprocessing = 0;
		};
		2971CC96299675CC007772D1 /* Sources */ = {
			isa = PBXSourcesBuildPhase;
			buildActionMask = 2147483647;
			files = (
				2971CCA1299675CC007772D1 /* SpaceXAppUITestsLaunchTests.swift in Sources */,
				2971CC9F299675CC007772D1 /* SpaceXAppUITests.swift in Sources */,
			);
			runOnlyForDeploymentPostprocessing = 0;
		};
/* End PBXSourcesBuildPhase section */

/* Begin PBXTargetDependency section */
		2971CC92299675CB007772D1 /* PBXTargetDependency */ = {
			isa = PBXTargetDependency;
			target = 2971CC76299675CA007772D1 /* SpaceXApp */;
			targetProxy = 2971CC91299675CB007772D1 /* PBXContainerItemProxy */;
		};
		2971CC9C299675CC007772D1 /* PBXTargetDependency */ = {
			isa = PBXTargetDependency;
			target = 2971CC76299675CA007772D1 /* SpaceXApp */;
			targetProxy = 2971CC9B299675CC007772D1 /* PBXContainerItemProxy */;
		};
/* End PBXTargetDependency section */

/* Begin PBXVariantGroup section */
		2971CC80299675CA007772D1 /* Main.storyboard */ = {
			isa = PBXVariantGroup;
			children = (
				2971CC81299675CA007772D1 /* Base */,
			);
			name = Main.storyboard;
			sourceTree = "<group>";
		};
		2971CC88299675CB007772D1 /* LaunchScreen.storyboard */ = {
			isa = PBXVariantGroup;
			children = (
				2971CC89299675CB007772D1 /* Base */,
			);
			name = LaunchScreen.storyboard;
			sourceTree = "<group>";
		};
/* End PBXVariantGroup section */

/* Begin XCBuildConfiguration section */
		2971CCA2299675CC007772D1 /* Debug */ = {
			isa = XCBuildConfiguration;
			buildSettings = {
				ALWAYS_SEARCH_USER_PATHS = NO;
				CLANG_ANALYZER_NONNULL = YES;
				CLANG_ANALYZER_NUMBER_OBJECT_CONVERSION = YES_AGGRESSIVE;
				CLANG_CXX_LANGUAGE_STANDARD = "gnu++20";
				CLANG_ENABLE_MODULES = YES;
				CLANG_ENABLE_OBJC_ARC = YES;
				CLANG_ENABLE_OBJC_WEAK = YES;
				CLANG_WARN_BLOCK_CAPTURE_AUTORELEASING = YES;
				CLANG_WARN_BOOL_CONVERSION = YES;
				CLANG_WARN_COMMA = YES;
				CLANG_WARN_CONSTANT_CONVERSION = YES;
				CLANG_WARN_DEPRECATED_OBJC_IMPLEMENTATIONS = YES;
				CLANG_WARN_DIRECT_OBJC_ISA_USAGE = YES_ERROR;
				CLANG_WARN_DOCUMENTATION_COMMENTS = YES;
				CLANG_WARN_EMPTY_BODY = YES;
				CLANG_WARN_ENUM_CONVERSION = YES;
				CLANG_WARN_INFINITE_RECURSION = YES;
				CLANG_WARN_INT_CONVERSION = YES;
				CLANG_WARN_NON_LITERAL_NULL_CONVERSION = YES;
				CLANG_WARN_OBJC_IMPLICIT_RETAIN_SELF = YES;
				CLANG_WARN_OBJC_LITERAL_CONVERSION = YES;
				CLANG_WARN_OBJC_ROOT_CLASS = YES_ERROR;
				CLANG_WARN_QUOTED_INCLUDE_IN_FRAMEWORK_HEADER = YES;
				CLANG_WARN_RANGE_LOOP_ANALYSIS = YES;
				CLANG_WARN_STRICT_PROTOTYPES = YES;
				CLANG_WARN_SUSPICIOUS_MOVE = YES;
				CLANG_WARN_UNGUARDED_AVAILABILITY = YES_AGGRESSIVE;
				CLANG_WARN_UNREACHABLE_CODE = YES;
				CLANG_WARN__DUPLICATE_METHOD_MATCH = YES;
				COPY_PHASE_STRIP = NO;
				DEBUG_INFORMATION_FORMAT = dwarf;
				ENABLE_STRICT_OBJC_MSGSEND = YES;
				ENABLE_TESTABILITY = YES;
				GCC_C_LANGUAGE_STANDARD = gnu11;
				GCC_DYNAMIC_NO_PIC = NO;
				GCC_NO_COMMON_BLOCKS = YES;
				GCC_OPTIMIZATION_LEVEL = 0;
				GCC_PREPROCESSOR_DEFINITIONS = (
					"DEBUG=1",
					"$(inherited)",
				);
				GCC_WARN_64_TO_32_BIT_CONVERSION = YES;
				GCC_WARN_ABOUT_RETURN_TYPE = YES_ERROR;
				GCC_WARN_UNDECLARED_SELECTOR = YES;
				GCC_WARN_UNINITIALIZED_AUTOS = YES_AGGRESSIVE;
				GCC_WARN_UNUSED_FUNCTION = YES;
				GCC_WARN_UNUSED_VARIABLE = YES;
				IPHONEOS_DEPLOYMENT_TARGET = 16.0;
				MTL_ENABLE_DEBUG_INFO = INCLUDE_SOURCE;
				MTL_FAST_MATH = YES;
				ONLY_ACTIVE_ARCH = YES;
				SDKROOT = iphoneos;
				SWIFT_ACTIVE_COMPILATION_CONDITIONS = DEBUG;
				SWIFT_OPTIMIZATION_LEVEL = "-Onone";
			};
			name = Debug;
		};
		2971CCA3299675CC007772D1 /* Release */ = {
			isa = XCBuildConfiguration;
			buildSettings = {
				ALWAYS_SEARCH_USER_PATHS = NO;
				CLANG_ANALYZER_NONNULL = YES;
				CLANG_ANALYZER_NUMBER_OBJECT_CONVERSION = YES_AGGRESSIVE;
				CLANG_CXX_LANGUAGE_STANDARD = "gnu++20";
				CLANG_ENABLE_MODULES = YES;
				CLANG_ENABLE_OBJC_ARC = YES;
				CLANG_ENABLE_OBJC_WEAK = YES;
				CLANG_WARN_BLOCK_CAPTURE_AUTORELEASING = YES;
				CLANG_WARN_BOOL_CONVERSION = YES;
				CLANG_WARN_COMMA = YES;
				CLANG_WARN_CONSTANT_CONVERSION = YES;
				CLANG_WARN_DEPRECATED_OBJC_IMPLEMENTATIONS = YES;
				CLANG_WARN_DIRECT_OBJC_ISA_USAGE = YES_ERROR;
				CLANG_WARN_DOCUMENTATION_COMMENTS = YES;
				CLANG_WARN_EMPTY_BODY = YES;
				CLANG_WARN_ENUM_CONVERSION = YES;
				CLANG_WARN_INFINITE_RECURSION = YES;
				CLANG_WARN_INT_CONVERSION = YES;
				CLANG_WARN_NON_LITERAL_NULL_CONVERSION = YES;
				CLANG_WARN_OBJC_IMPLICIT_RETAIN_SELF = YES;
				CLANG_WARN_OBJC_LITERAL_CONVERSION = YES;
				CLANG_WARN_OBJC_ROOT_CLASS = YES_ERROR;
				CLANG_WARN_QUOTED_INCLUDE_IN_FRAMEWORK_HEADER = YES;
				CLANG_WARN_RANGE_LOOP_ANALYSIS = YES;
				CLANG_WARN_STRICT_PROTOTYPES = YES;
				CLANG_WARN_SUSPICIOUS_MOVE = YES;
				CLANG_WARN_UNGUARDED_AVAILABILITY = YES_AGGRESSIVE;
				CLANG_WARN_UNREACHABLE_CODE = YES;
				CLANG_WARN__DUPLICATE_METHOD_MATCH = YES;
				COPY_PHASE_STRIP = NO;
				DEBUG_INFORMATION_FORMAT = "dwarf-with-dsym";
				ENABLE_NS_ASSERTIONS = NO;
				ENABLE_STRICT_OBJC_MSGSEND = YES;
				GCC_C_LANGUAGE_STANDARD = gnu11;
				GCC_NO_COMMON_BLOCKS = YES;
				GCC_WARN_64_TO_32_BIT_CONVERSION = YES;
				GCC_WARN_ABOUT_RETURN_TYPE = YES_ERROR;
				GCC_WARN_UNDECLARED_SELECTOR = YES;
				GCC_WARN_UNINITIALIZED_AUTOS = YES_AGGRESSIVE;
				GCC_WARN_UNUSED_FUNCTION = YES;
				GCC_WARN_UNUSED_VARIABLE = YES;
				IPHONEOS_DEPLOYMENT_TARGET = 16.0;
				MTL_ENABLE_DEBUG_INFO = NO;
				MTL_FAST_MATH = YES;
				SDKROOT = iphoneos;
				SWIFT_COMPILATION_MODE = wholemodule;
				SWIFT_OPTIMIZATION_LEVEL = "-O";
				VALIDATE_PRODUCT = YES;
			};
			name = Release;
		};
		2971CCA5299675CC007772D1 /* Debug */ = {
			isa = XCBuildConfiguration;
			buildSettings = {
				ASSETCATALOG_COMPILER_APPICON_NAME = AppIcon;
				ASSETCATALOG_COMPILER_GLOBAL_ACCENT_COLOR_NAME = AccentColor;
				CODE_SIGN_STYLE = Automatic;
				CURRENT_PROJECT_VERSION = 1;
				DEVELOPMENT_TEAM = GL8EC8TZ83;
				GENERATE_INFOPLIST_FILE = YES;
				INFOPLIST_FILE = SpaceXApp/Info.plist;
				INFOPLIST_KEY_UIApplicationSupportsIndirectInputEvents = YES;
				INFOPLIST_KEY_UILaunchStoryboardName = LaunchScreen;
				INFOPLIST_KEY_UIMainStoryboardFile = Main;
				INFOPLIST_KEY_UISupportedInterfaceOrientations_iPad = "UIInterfaceOrientationPortrait UIInterfaceOrientationPortraitUpsideDown UIInterfaceOrientationLandscapeLeft UIInterfaceOrientationLandscapeRight";
				INFOPLIST_KEY_UISupportedInterfaceOrientations_iPhone = "UIInterfaceOrientationPortrait UIInterfaceOrientationLandscapeLeft UIInterfaceOrientationLandscapeRight";
				LD_RUNPATH_SEARCH_PATHS = (
					"$(inherited)",
					"@executable_path/Frameworks",
				);
				MARKETING_VERSION = 1.0;
				PRODUCT_BUNDLE_IDENTIFIER = com.irellia.SpaceXApp;
				PRODUCT_NAME = "$(TARGET_NAME)";
				SWIFT_EMIT_LOC_STRINGS = YES;
				SWIFT_VERSION = 5.0;
				TARGETED_DEVICE_FAMILY = "1,2";
			};
			name = Debug;
		};
		2971CCA6299675CC007772D1 /* Release */ = {
			isa = XCBuildConfiguration;
			buildSettings = {
				ASSETCATALOG_COMPILER_APPICON_NAME = AppIcon;
				ASSETCATALOG_COMPILER_GLOBAL_ACCENT_COLOR_NAME = AccentColor;
				CODE_SIGN_STYLE = Automatic;
				CURRENT_PROJECT_VERSION = 1;
				DEVELOPMENT_TEAM = GL8EC8TZ83;
				GENERATE_INFOPLIST_FILE = YES;
				INFOPLIST_FILE = SpaceXApp/Info.plist;
				INFOPLIST_KEY_UIApplicationSupportsIndirectInputEvents = YES;
				INFOPLIST_KEY_UILaunchStoryboardName = LaunchScreen;
				INFOPLIST_KEY_UIMainStoryboardFile = Main;
				INFOPLIST_KEY_UISupportedInterfaceOrientations_iPad = "UIInterfaceOrientationPortrait UIInterfaceOrientationPortraitUpsideDown UIInterfaceOrientationLandscapeLeft UIInterfaceOrientationLandscapeRight";
				INFOPLIST_KEY_UISupportedInterfaceOrientations_iPhone = "UIInterfaceOrientationPortrait UIInterfaceOrientationLandscapeLeft UIInterfaceOrientationLandscapeRight";
				LD_RUNPATH_SEARCH_PATHS = (
					"$(inherited)",
					"@executable_path/Frameworks",
				);
				MARKETING_VERSION = 1.0;
				PRODUCT_BUNDLE_IDENTIFIER = com.irellia.SpaceXApp;
				PRODUCT_NAME = "$(TARGET_NAME)";
				SWIFT_EMIT_LOC_STRINGS = YES;
				SWIFT_VERSION = 5.0;
				TARGETED_DEVICE_FAMILY = "1,2";
			};
			name = Release;
		};
		2971CCA8299675CC007772D1 /* Debug */ = {
			isa = XCBuildConfiguration;
			buildSettings = {
				ALWAYS_EMBED_SWIFT_STANDARD_LIBRARIES = YES;
				BUNDLE_LOADER = "$(TEST_HOST)";
				CODE_SIGN_STYLE = Automatic;
				CURRENT_PROJECT_VERSION = 1;
				DEVELOPMENT_TEAM = GL8EC8TZ83;
				GENERATE_INFOPLIST_FILE = YES;
				IPHONEOS_DEPLOYMENT_TARGET = 16.0;
				MARKETING_VERSION = 1.0;
				PRODUCT_BUNDLE_IDENTIFIER = com.irellia.SpaceXAppTests;
				PRODUCT_NAME = "$(TARGET_NAME)";
				SWIFT_EMIT_LOC_STRINGS = NO;
				SWIFT_VERSION = 5.0;
				TARGETED_DEVICE_FAMILY = "1,2";
				TEST_HOST = "$(BUILT_PRODUCTS_DIR)/SpaceXApp.app/$(BUNDLE_EXECUTABLE_FOLDER_PATH)/SpaceXApp";
			};
			name = Debug;
		};
		2971CCA9299675CC007772D1 /* Release */ = {
			isa = XCBuildConfiguration;
			buildSettings = {
				ALWAYS_EMBED_SWIFT_STANDARD_LIBRARIES = YES;
				BUNDLE_LOADER = "$(TEST_HOST)";
				CODE_SIGN_STYLE = Automatic;
				CURRENT_PROJECT_VERSION = 1;
				DEVELOPMENT_TEAM = GL8EC8TZ83;
				GENERATE_INFOPLIST_FILE = YES;
				IPHONEOS_DEPLOYMENT_TARGET = 16.0;
				MARKETING_VERSION = 1.0;
				PRODUCT_BUNDLE_IDENTIFIER = com.irellia.SpaceXAppTests;
				PRODUCT_NAME = "$(TARGET_NAME)";
				SWIFT_EMIT_LOC_STRINGS = NO;
				SWIFT_VERSION = 5.0;
				TARGETED_DEVICE_FAMILY = "1,2";
				TEST_HOST = "$(BUILT_PRODUCTS_DIR)/SpaceXApp.app/$(BUNDLE_EXECUTABLE_FOLDER_PATH)/SpaceXApp";
			};
			name = Release;
		};
		2971CCAB299675CC007772D1 /* Debug */ = {
			isa = XCBuildConfiguration;
			buildSettings = {
				ALWAYS_EMBED_SWIFT_STANDARD_LIBRARIES = YES;
				CODE_SIGN_STYLE = Automatic;
				CURRENT_PROJECT_VERSION = 1;
				DEVELOPMENT_TEAM = GL8EC8TZ83;
				GENERATE_INFOPLIST_FILE = YES;
				MARKETING_VERSION = 1.0;
				PRODUCT_BUNDLE_IDENTIFIER = com.irellia.SpaceXAppUITests;
				PRODUCT_NAME = "$(TARGET_NAME)";
				SWIFT_EMIT_LOC_STRINGS = NO;
				SWIFT_VERSION = 5.0;
				TARGETED_DEVICE_FAMILY = "1,2";
				TEST_TARGET_NAME = SpaceXApp;
			};
			name = Debug;
		};
		2971CCAC299675CC007772D1 /* Release */ = {
			isa = XCBuildConfiguration;
			buildSettings = {
				ALWAYS_EMBED_SWIFT_STANDARD_LIBRARIES = YES;
				CODE_SIGN_STYLE = Automatic;
				CURRENT_PROJECT_VERSION = 1;
				DEVELOPMENT_TEAM = GL8EC8TZ83;
				GENERATE_INFOPLIST_FILE = YES;
				MARKETING_VERSION = 1.0;
				PRODUCT_BUNDLE_IDENTIFIER = com.irellia.SpaceXAppUITests;
				PRODUCT_NAME = "$(TARGET_NAME)";
				SWIFT_EMIT_LOC_STRINGS = NO;
				SWIFT_VERSION = 5.0;
				TARGETED_DEVICE_FAMILY = "1,2";
				TEST_TARGET_NAME = SpaceXApp;
			};
			name = Release;
		};
/* End XCBuildConfiguration section */

/* Begin XCConfigurationList section */
		2971CC72299675CA007772D1 /* Build configuration list for PBXProject "SpaceXApp" */ = {
			isa = XCConfigurationList;
			buildConfigurations = (
				2971CCA2299675CC007772D1 /* Debug */,
				2971CCA3299675CC007772D1 /* Release */,
			);
			defaultConfigurationIsVisible = 0;
			defaultConfigurationName = Release;
		};
		2971CCA4299675CC007772D1 /* Build configuration list for PBXNativeTarget "SpaceXApp" */ = {
			isa = XCConfigurationList;
			buildConfigurations = (
				2971CCA5299675CC007772D1 /* Debug */,
				2971CCA6299675CC007772D1 /* Release */,
			);
			defaultConfigurationIsVisible = 0;
			defaultConfigurationName = Release;
		};
		2971CCA7299675CC007772D1 /* Build configuration list for PBXNativeTarget "SpaceXAppTests" */ = {
			isa = XCConfigurationList;
			buildConfigurations = (
				2971CCA8299675CC007772D1 /* Debug */,
				2971CCA9299675CC007772D1 /* Release */,
			);
			defaultConfigurationIsVisible = 0;
			defaultConfigurationName = Release;
		};
		2971CCAA299675CC007772D1 /* Build configuration list for PBXNativeTarget "SpaceXAppUITests" */ = {
			isa = XCConfigurationList;
			buildConfigurations = (
				2971CCAB299675CC007772D1 /* Debug */,
				2971CCAC299675CC007772D1 /* Release */,
			);
			defaultConfigurationIsVisible = 0;
			defaultConfigurationName = Release;
		};
/* End XCConfigurationList section */

/* Begin XCVersionGroup section */
		2971CC83299675CA007772D1 /* SpaceXApp.xcdatamodeld */ = {
			isa = XCVersionGroup;
			children = (
				2971CC84299675CA007772D1 /* SpaceXApp.xcdatamodel */,
			);
			currentVersion = 2971CC84299675CA007772D1 /* SpaceXApp.xcdatamodel */;
			path = SpaceXApp.xcdatamodeld;
			sourceTree = "<group>";
			versionGroupType = wrapper.xcdatamodel;
		};
/* End XCVersionGroup section */
	};
	rootObject = 2971CC6F299675CA007772D1 /* Project object */;
}
